
Microsoft Visual Studio Solution File, Format Version 12.00
# Visual Studio 15
VisualStudioVersion = 15.0.28307.102
MinimumVisualStudioVersion = 10.0.40219.1
Project("{FAE04EC0-301F-11D3-BF4B-00C04F79EFBC}") = "Langelia", "Langelia\Langelia.csproj", "{62B70A5A-C092-4C1D-9EAC-88DFF65C250E}"
EndProject
Global
	GlobalSection(SolutionConfigurationPlatforms) = preSolution
		Debug|Any CPU = Debug|Any CPU
		Release|Any CPU = Release|Any CPU
	EndGlobalSection
	GlobalSection(ProjectConfigurationPlatforms) = postSolution
		{62B70A5A-C092-4C1D-9EAC-88DFF65C250E}.Debug|Any CPU.ActiveCfg = Debug|Any CPU
		{62B70A5A-C092-4C1D-9EAC-88DFF65C250E}.Debug|Any CPU.Build.0 = Debug|Any CPU
		{62B70A5A-C092-4C1D-9EAC-88DFF65C250E}.Release|Any CPU.ActiveCfg = Release|Any CPU
		{62B70A5A-C092-4C1D-9EAC-88DFF65C250E}.Release|Any CPU.Build.0 = Release|Any CPU
	EndGlobalSection
	GlobalSection(SolutionProperties) = preSolution
		HideSolutionNode = FALSE
	EndGlobalSection
	GlobalSection(ExtensibilityGlobals) = postSolution
		SolutionGuid = {5DE4A447-3D73-4DA0-95BD-B3E68F4013C0}
	EndGlobalSection
EndGlobal
